
Microsoft Visual Studio Solution File, Format Version 12.00
# Visual Studio Version 17
VisualStudioVersion = 17.1.32421.90
MinimumVisualStudioVersion = 10.0.40219.1
Project("{9A19103F-16F7-4668-BE54-9A1E7A4F7556}") = "The Courses Shoping", "The Courses Shoping\The Courses Shoping.csproj", "{DA19A567-F309-4548-B380-50BD0998121A}"
EndProject
Global
	GlobalSection(SolutionConfigurationPlatforms) = preSolution
		Debug|Any CPU = Debug|Any CPU
		Release|Any CPU = Release|Any CPU
	EndGlobalSection
	GlobalSection(ProjectConfigurationPlatforms) = postSolution
		{DA19A567-F309-4548-B380-50BD0998121A}.Debug|Any CPU.ActiveCfg = Debug|Any CPU
		{DA19A567-F309-4548-B380-50BD0998121A}.Debug|Any CPU.Build.0 = Debug|Any CPU
		{DA19A567-F309-4548-B380-50BD0998121A}.Release|Any CPU.ActiveCfg = Release|Any CPU
		{DA19A567-F309-4548-B380-50BD0998121A}.Release|Any CPU.Build.0 = Release|Any CPU
	EndGlobalSection
	GlobalSection(SolutionProperties) = preSolution
		HideSolutionNode = FALSE
	EndGlobalSection
	GlobalSection(ExtensibilityGlobals) = postSolution
		SolutionGuid = {CB8CFC51-EE1D-412B-8051-2356E50CDA50}
	EndGlobalSection
EndGlobal
